
Microsoft Visual Studio Solution File, Format Version 12.00
# Visual Studio Version 16
VisualStudioVersion = 16.0.31005.135
MinimumVisualStudioVersion = 10.0.40219.1
Project("{2150E333-8FDC-42A3-9474-1A3956D46DE8}") = "src", "src", "{14CF40BC-4A65-4202-BBFB-728B7D0DC9BA}"
EndProject
Project("{2150E333-8FDC-42A3-9474-1A3956D46DE8}") = "Core", "Core", "{83C75B28-9D85-4BF6-B53C-7355149267D0}"
EndProject
Project("{9A19103F-16F7-4668-BE54-9A1E7A4F7556}") = "Core.Application", "src\Core\ContactReport.Application\Core.Application.csproj", "{F9ED0137-7C48-4F12-AE89-BF7B8E8A64EC}"
EndProject
Project("{2150E333-8FDC-42A3-9474-1A3956D46DE8}") = "Services", "Services", "{3AFD2922-8B9F-4FCC-9DFC-C7708CB523AB}"
EndProject
Project("{2150E333-8FDC-42A3-9474-1A3956D46DE8}") = "ContactAPI", "ContactAPI", "{0E4FB0D2-1FBC-4B36-99EB-D2F37722936F}"
EndProject
Project("{2150E333-8FDC-42A3-9474-1A3956D46DE8}") = "ReportAPI", "ReportAPI", "{F3E760B9-3377-49A3-A664-9AE6F6C6DF52}"
EndProject
Project("{9A19103F-16F7-4668-BE54-9A1E7A4F7556}") = "Contact.API", "src\Services\ContactAPI\Contact.API\Contact.API.csproj", "{223D37B2-6CB6-437A-AE61-B008C12869B1}"
EndProject
Project("{9A19103F-16F7-4668-BE54-9A1E7A4F7556}") = "Contact.Application", "src\Services\ContactAPI\Contact.Application\Contact.Application.csproj", "{53983BA1-6756-4108-B28B-17AA12E8EBCE}"
EndProject
Project("{9A19103F-16F7-4668-BE54-9A1E7A4F7556}") = "Contact.Domain", "src\Services\ContactAPI\Contact.Domain\Contact.Domain.csproj", "{7A3F042D-EC13-4CD3-85E5-078F3D3A8B11}"
EndProject
Project("{9A19103F-16F7-4668-BE54-9A1E7A4F7556}") = "Report.API", "src\Services\ReportAPI\Report.API\Report.API.csproj", "{5E8C5C27-2A80-4693-980E-93B065AF1135}"
EndProject
Project("{9A19103F-16F7-4668-BE54-9A1E7A4F7556}") = "Contact.Infrastructure", "src\Services\ContactAPI\Contact.Infrastructure\Contact.Infrastructure.csproj", "{63639343-0BCF-4CB0-BCFA-FC7B77C65721}"
EndProject
Project("{9A19103F-16F7-4668-BE54-9A1E7A4F7556}") = "Report.Application", "src\Services\ReportAPI\Report.Application\Report.Application.csproj", "{52D11582-2941-473C-A0E6-3DBE7A90984C}"
EndProject
Project("{9A19103F-16F7-4668-BE54-9A1E7A4F7556}") = "Report.Domain", "src\Services\ReportAPI\Report.Domain\Report.Domain.csproj", "{BB42020B-9B0A-45F3-8422-DFADE0ED1513}"
EndProject
Project("{9A19103F-16F7-4668-BE54-9A1E7A4F7556}") = "Report.Infrastructure", "src\Services\ReportAPI\Report.Infrastructure\Report.Infrastructure.csproj", "{8A883217-C524-4DE2-AAD5-C53605588E87}"
EndProject
Project("{FAE04EC0-301F-11D3-BF4B-00C04F79EFBC}") = "APIGateway", "src\Services\APIGateway\APIGateway.csproj", "{56E923BE-C009-4380-900D-F8AC09C981E1}"
EndProject
Project("{FAE04EC0-301F-11D3-BF4B-00C04F79EFBC}") = "Report.Messaging.Send", "src\Services\ReportAPI\Report.Messaging.Send\Report.Messaging.Send.csproj", "{193778D3-9AC9-470F-AB32-F346AB1E997E}"
EndProject
Global
	GlobalSection(SolutionConfigurationPlatforms) = preSolution
		Debug|Any CPU = Debug|Any CPU
		Release|Any CPU = Release|Any CPU
	EndGlobalSection
	GlobalSection(ProjectConfigurationPlatforms) = postSolution
		{F9ED0137-7C48-4F12-AE89-BF7B8E8A64EC}.Debug|Any CPU.ActiveCfg = Debug|Any CPU
		{F9ED0137-7C48-4F12-AE89-BF7B8E8A64EC}.Debug|Any CPU.Build.0 = Debug|Any CPU
		{F9ED0137-7C48-4F12-AE89-BF7B8E8A64EC}.Release|Any CPU.ActiveCfg = Release|Any CPU
		{F9ED0137-7C48-4F12-AE89-BF7B8E8A64EC}.Release|Any CPU.Build.0 = Release|Any CPU
		{223D37B2-6CB6-437A-AE61-B008C12869B1}.Debug|Any CPU.ActiveCfg = Debug|Any CPU
		{223D37B2-6CB6-437A-AE61-B008C12869B1}.Debug|Any CPU.Build.0 = Debug|Any CPU
		{223D37B2-6CB6-437A-AE61-B008C12869B1}.Release|Any CPU.ActiveCfg = Release|Any CPU
		{223D37B2-6CB6-437A-AE61-B008C12869B1}.Release|Any CPU.Build.0 = Release|Any CPU
		{53983BA1-6756-4108-B28B-17AA12E8EBCE}.Debug|Any CPU.ActiveCfg = Debug|Any CPU
		{53983BA1-6756-4108-B28B-17AA12E8EBCE}.Debug|Any CPU.Build.0 = Debug|Any CPU
		{53983BA1-6756-4108-B28B-17AA12E8EBCE}.Release|Any CPU.ActiveCfg = Release|Any CPU
		{53983BA1-6756-4108-B28B-17AA12E8EBCE}.Release|Any CPU.Build.0 = Release|Any CPU
		{7A3F042D-EC13-4CD3-85E5-078F3D3A8B11}.Debug|Any CPU.ActiveCfg = Debug|Any CPU
		{7A3F042D-EC13-4CD3-85E5-078F3D3A8B11}.Debug|Any CPU.Build.0 = Debug|Any CPU
		{7A3F042D-EC13-4CD3-85E5-078F3D3A8B11}.Release|Any CPU.ActiveCfg = Release|Any CPU
		{7A3F042D-EC13-4CD3-85E5-078F3D3A8B11}.Release|Any CPU.Build.0 = Release|Any CPU
		{5E8C5C27-2A80-4693-980E-93B065AF1135}.Debug|Any CPU.ActiveCfg = Debug|Any CPU
		{5E8C5C27-2A80-4693-980E-93B065AF1135}.Debug|Any CPU.Build.0 = Debug|Any CPU
		{5E8C5C27-2A80-4693-980E-93B065AF1135}.Release|Any CPU.ActiveCfg = Release|Any CPU
		{5E8C5C27-2A80-4693-980E-93B065AF1135}.Release|Any CPU.Build.0 = Release|Any CPU
		{63639343-0BCF-4CB0-BCFA-FC7B77C65721}.Debug|Any CPU.ActiveCfg = Debug|Any CPU
		{63639343-0BCF-4CB0-BCFA-FC7B77C65721}.Debug|Any CPU.Build.0 = Debug|Any CPU
		{63639343-0BCF-4CB0-BCFA-FC7B77C65721}.Release|Any CPU.ActiveCfg = Release|Any CPU
		{63639343-0BCF-4CB0-BCFA-FC7B77C65721}.Release|Any CPU.Build.0 = Release|Any CPU
		{52D11582-2941-473C-A0E6-3DBE7A90984C}.Debug|Any CPU.ActiveCfg = Debug|Any CPU
		{52D11582-2941-473C-A0E6-3DBE7A90984C}.Debug|Any CPU.Build.0 = Debug|Any CPU
		{52D11582-2941-473C-A0E6-3DBE7A90984C}.Release|Any CPU.ActiveCfg = Release|Any CPU
		{52D11582-2941-473C-A0E6-3DBE7A90984C}.Release|Any CPU.Build.0 = Release|Any CPU
		{BB42020B-9B0A-45F3-8422-DFADE0ED1513}.Debug|Any CPU.ActiveCfg = Debug|Any CPU
		{BB42020B-9B0A-45F3-8422-DFADE0ED1513}.Debug|Any CPU.Build.0 = Debug|Any CPU
		{BB42020B-9B0A-45F3-8422-DFADE0ED1513}.Release|Any CPU.ActiveCfg = Release|Any CPU
		{BB42020B-9B0A-45F3-8422-DFADE0ED1513}.Release|Any CPU.Build.0 = Release|Any CPU
		{8A883217-C524-4DE2-AAD5-C53605588E87}.Debug|Any CPU.ActiveCfg = Debug|Any CPU
		{8A883217-C524-4DE2-AAD5-C53605588E87}.Debug|Any CPU.Build.0 = Debug|Any CPU
		{8A883217-C524-4DE2-AAD5-C53605588E87}.Release|Any CPU.ActiveCfg = Release|Any CPU
		{8A883217-C524-4DE2-AAD5-C53605588E87}.Release|Any CPU.Build.0 = Release|Any CPU
		{56E923BE-C009-4380-900D-F8AC09C981E1}.Debug|Any CPU.ActiveCfg = Debug|Any CPU
		{56E923BE-C009-4380-900D-F8AC09C981E1}.Debug|Any CPU.Build.0 = Debug|Any CPU
		{56E923BE-C009-4380-900D-F8AC09C981E1}.Release|Any CPU.ActiveCfg = Release|Any CPU
		{56E923BE-C009-4380-900D-F8AC09C981E1}.Release|Any CPU.Build.0 = Release|Any CPU
		{193778D3-9AC9-470F-AB32-F346AB1E997E}.Debug|Any CPU.ActiveCfg = Debug|Any CPU
		{193778D3-9AC9-470F-AB32-F346AB1E997E}.Debug|Any CPU.Build.0 = Debug|Any CPU
		{193778D3-9AC9-470F-AB32-F346AB1E997E}.Release|Any CPU.ActiveCfg = Release|Any CPU
		{193778D3-9AC9-470F-AB32-F346AB1E997E}.Release|Any CPU.Build.0 = Release|Any CPU
	EndGlobalSection
	GlobalSection(SolutionProperties) = preSolution
		HideSolutionNode = FALSE
	EndGlobalSection
	GlobalSection(NestedProjects) = preSolution
		{83C75B28-9D85-4BF6-B53C-7355149267D0} = {14CF40BC-4A65-4202-BBFB-728B7D0DC9BA}
		{F9ED0137-7C48-4F12-AE89-BF7B8E8A64EC} = {83C75B28-9D85-4BF6-B53C-7355149267D0}
		{3AFD2922-8B9F-4FCC-9DFC-C7708CB523AB} = {14CF40BC-4A65-4202-BBFB-728B7D0DC9BA}
		{0E4FB0D2-1FBC-4B36-99EB-D2F37722936F} = {3AFD2922-8B9F-4FCC-9DFC-C7708CB523AB}
		{F3E760B9-3377-49A3-A664-9AE6F6C6DF52} = {3AFD2922-8B9F-4FCC-9DFC-C7708CB523AB}
		{223D37B2-6CB6-437A-AE61-B008C12869B1} = {0E4FB0D2-1FBC-4B36-99EB-D2F37722936F}
		{53983BA1-6756-4108-B28B-17AA12E8EBCE} = {0E4FB0D2-1FBC-4B36-99EB-D2F37722936F}
		{7A3F042D-EC13-4CD3-85E5-078F3D3A8B11} = {0E4FB0D2-1FBC-4B36-99EB-D2F37722936F}
		{5E8C5C27-2A80-4693-980E-93B065AF1135} = {F3E760B9-3377-49A3-A664-9AE6F6C6DF52}
		{63639343-0BCF-4CB0-BCFA-FC7B77C65721} = {0E4FB0D2-1FBC-4B36-99EB-D2F37722936F}
		{52D11582-2941-473C-A0E6-3DBE7A90984C} = {F3E760B9-3377-49A3-A664-9AE6F6C6DF52}
		{BB42020B-9B0A-45F3-8422-DFADE0ED1513} = {F3E760B9-3377-49A3-A664-9AE6F6C6DF52}
		{8A883217-C524-4DE2-AAD5-C53605588E87} = {F3E760B9-3377-49A3-A664-9AE6F6C6DF52}
		{56E923BE-C009-4380-900D-F8AC09C981E1} = {3AFD2922-8B9F-4FCC-9DFC-C7708CB523AB}
		{193778D3-9AC9-470F-AB32-F346AB1E997E} = {F3E760B9-3377-49A3-A664-9AE6F6C6DF52}
	EndGlobalSection
	GlobalSection(ExtensibilityGlobals) = postSolution
		SolutionGuid = {6782F961-4F13-4F0C-B68E-8B2C3F97E64D}
	EndGlobalSection
EndGlobal
